# This file is generated by running "yarn install" inside your project.
# Manual changes might be lost - proceed with caution!

__metadata:
  version: 6
  cacheKey: 8

"@ci-types/gjs@npm:^1.0.12":
  version: 1.0.12
  resolution: "@ci-types/gjs@npm:1.0.12"
  checksum: 41d4cdcd2ab0b3fbe8fdaaba94a7beb34e38932819d048890ac503678d5c9dff9efd280cbc2723a1f61e676c8b493ed240d585da44cc3ea69382057c58195c74
  languageName: node
  linkType: hard

"gnome-extension-typescript@workspace:.":
  version: 0.0.0-use.local
  resolution: "gnome-extension-typescript@workspace:."
  dependencies:
    "@ci-types/gjs": ^1.0.12
    json: ^11.0.0
    typescript: ^4.6.4
  languageName: unknown
  linkType: soft

"json@npm:^11.0.0":
  version: 11.0.0
  resolution: "json@npm:11.0.0"
  bin:
    json: lib/json.js
  checksum: 0beb8689722fc30251638543caf791bedc1a25199c18eb0281de115a0dadb00a07d4d36cbd7ff7680e04157fcb2bba76f29ed940b1e4e92f60c6fbaa74523fce
  languageName: node
  linkType: hard

"typescript@npm:^4.6.4":
  version: 4.9.5
  resolution: "typescript@npm:4.9.5"
  bin:
    tsc: bin/tsc
    tsserver: bin/tsserver
  checksum: ee000bc26848147ad423b581bd250075662a354d84f0e06eb76d3b892328d8d4440b7487b5a83e851b12b255f55d71835b008a66cbf8f255a11e4400159237db
  languageName: node
  linkType: hard

"typescript@patch:typescript@^4.6.4#~builtin<compat/typescript>":
  version: 4.9.5
  resolution: "typescript@patch:typescript@npm%3A4.9.5#~builtin<compat/typescript>::version=4.9.5&hash=23ec76"
  bin:
    tsc: bin/tsc
    tsserver: bin/tsserver
  checksum: ab417a2f398380c90a6cf5a5f74badd17866adf57f1165617d6a551f059c3ba0a3e4da0d147b3ac5681db9ac76a303c5876394b13b3de75fdd5b1eaa06181c9d
  languageName: node
  linkType: hard
